
Microsoft Visual Studio Solution File, Format Version 12.00
# Visual Studio 15
VisualStudioVersion = 15.0.26020.0
MinimumVisualStudioVersion = 10.0.40219.1
Project("{FAE04EC0-301F-11D3-BF4B-00C04F79EFBC}") = "SafeOrizer", "SafeOrizer\SafeOrizer\SafeOrizer.csproj", "{F5C4B75C-7057-491F-BC0D-E504F2F06940}"
EndProject
Project("{FAE04EC0-301F-11D3-BF4B-00C04F79EFBC}") = "SafeOrizer.Droid", "SafeOrizer\SafeOrizer.Droid\SafeOrizer.Droid.csproj", "{906B88D4-90AE-428F-B61E-47D0EBD88422}"
EndProject
Project("{FAE04EC0-301F-11D3-BF4B-00C04F79EFBC}") = "SafeOrizer.iOS", "SafeOrizer\SafeOrizer.iOS\SafeOrizer.iOS.csproj", "{BF066086-1573-4100-92C6-336ECEBB12E6}"
EndProject
Project("{FAE04EC0-301F-11D3-BF4B-00C04F79EFBC}") = "SafeOrizer.UWP", "SafeOrizer\SafeOrizer.UWP\SafeOrizer.UWP.csproj", "{C5FEFDE2-16DE-4FD7-8BFA-4F1C1B0322F8}"
EndProject
Global
	GlobalSection(SolutionConfigurationPlatforms) = preSolution
		Ad-Hoc|Any CPU = Ad-Hoc|Any CPU
		Ad-Hoc|ARM = Ad-Hoc|ARM
		Ad-Hoc|iPhone = Ad-Hoc|iPhone
		Ad-Hoc|iPhoneSimulator = Ad-Hoc|iPhoneSimulator
		Ad-Hoc|x64 = Ad-Hoc|x64
		Ad-Hoc|x86 = Ad-Hoc|x86
		AppStore|Any CPU = AppStore|Any CPU
		AppStore|ARM = AppStore|ARM
		AppStore|iPhone = AppStore|iPhone
		AppStore|iPhoneSimulator = AppStore|iPhoneSimulator
		AppStore|x64 = AppStore|x64
		AppStore|x86 = AppStore|x86
		chnDebug|Any CPU = chnDebug|Any CPU
		chnDebug|ARM = chnDebug|ARM
		chnDebug|iPhone = chnDebug|iPhone
		chnDebug|iPhoneSimulator = chnDebug|iPhoneSimulator
		chnDebug|x64 = chnDebug|x64
		chnDebug|x86 = chnDebug|x86
		Debug|Any CPU = Debug|Any CPU
		Debug|ARM = Debug|ARM
		Debug|iPhone = Debug|iPhone
		Debug|iPhoneSimulator = Debug|iPhoneSimulator
		Debug|x64 = Debug|x64
		Debug|x86 = Debug|x86
		Release|Any CPU = Release|Any CPU
		Release|ARM = Release|ARM
		Release|iPhone = Release|iPhone
		Release|iPhoneSimulator = Release|iPhoneSimulator
		Release|x64 = Release|x64
		Release|x86 = Release|x86
	EndGlobalSection
	GlobalSection(ProjectConfigurationPlatforms) = postSolution
		{F5C4B75C-7057-491F-BC0D-E504F2F06940}.Ad-Hoc|Any CPU.ActiveCfg = Release|Any CPU
		{F5C4B75C-7057-491F-BC0D-E504F2F06940}.Ad-Hoc|Any CPU.Build.0 = Release|Any CPU
		{F5C4B75C-7057-491F-BC0D-E504F2F06940}.Ad-Hoc|ARM.ActiveCfg = Release|Any CPU
		{F5C4B75C-7057-491F-BC0D-E504F2F06940}.Ad-Hoc|ARM.Build.0 = Release|Any CPU
		{F5C4B75C-7057-491F-BC0D-E504F2F06940}.Ad-Hoc|iPhone.ActiveCfg = Release|Any CPU
		{F5C4B75C-7057-491F-BC0D-E504F2F06940}.Ad-Hoc|iPhone.Build.0 = Release|Any CPU
		{F5C4B75C-7057-491F-BC0D-E504F2F06940}.Ad-Hoc|iPhoneSimulator.ActiveCfg = Release|Any CPU
		{F5C4B75C-7057-491F-BC0D-E504F2F06940}.Ad-Hoc|iPhoneSimulator.Build.0 = Release|Any CPU
		{F5C4B75C-7057-491F-BC0D-E504F2F06940}.Ad-Hoc|x64.ActiveCfg = Release|Any CPU
		{F5C4B75C-7057-491F-BC0D-E504F2F06940}.Ad-Hoc|x64.Build.0 = Release|Any CPU
		{F5C4B75C-7057-491F-BC0D-E504F2F06940}.Ad-Hoc|x86.ActiveCfg = Release|Any CPU
		{F5C4B75C-7057-491F-BC0D-E504F2F06940}.Ad-Hoc|x86.Build.0 = Release|Any CPU
		{F5C4B75C-7057-491F-BC0D-E504F2F06940}.AppStore|Any CPU.ActiveCfg = Release|Any CPU
		{F5C4B75C-7057-491F-BC0D-E504F2F06940}.AppStore|Any CPU.Build.0 = Release|Any CPU
		{F5C4B75C-7057-491F-BC0D-E504F2F06940}.AppStore|ARM.ActiveCfg = Release|Any CPU
		{F5C4B75C-7057-491F-BC0D-E504F2F06940}.AppStore|ARM.Build.0 = Release|Any CPU
		{F5C4B75C-7057-491F-BC0D-E504F2F06940}.AppStore|iPhone.ActiveCfg = Release|Any CPU
		{F5C4B75C-7057-491F-BC0D-E504F2F06940}.AppStore|iPhone.Build.0 = Release|Any CPU
		{F5C4B75C-7057-491F-BC0D-E504F2F06940}.AppStore|iPhoneSimulator.ActiveCfg = Release|Any CPU
		{F5C4B75C-7057-491F-BC0D-E504F2F06940}.AppStore|iPhoneSimulator.Build.0 = Release|Any CPU
		{F5C4B75C-7057-491F-BC0D-E504F2F06940}.AppStore|x64.ActiveCfg = Release|Any CPU
		{F5C4B75C-7057-491F-BC0D-E504F2F06940}.AppStore|x64.Build.0 = Release|Any CPU
		{F5C4B75C-7057-491F-BC0D-E504F2F06940}.AppStore|x86.ActiveCfg = Release|Any CPU
		{F5C4B75C-7057-491F-BC0D-E504F2F06940}.AppStore|x86.Build.0 = Release|Any CPU
		{F5C4B75C-7057-491F-BC0D-E504F2F06940}.chnDebug|Any CPU.ActiveCfg = chnDebug|Any CPU
		{F5C4B75C-7057-491F-BC0D-E504F2F06940}.chnDebug|Any CPU.Build.0 = chnDebug|Any CPU
		{F5C4B75C-7057-491F-BC0D-E504F2F06940}.chnDebug|ARM.ActiveCfg = chnDebug|Any CPU
		{F5C4B75C-7057-491F-BC0D-E504F2F06940}.chnDebug|ARM.Build.0 = chnDebug|Any CPU
		{F5C4B75C-7057-491F-BC0D-E504F2F06940}.chnDebug|iPhone.ActiveCfg = chnDebug|Any CPU
		{F5C4B75C-7057-491F-BC0D-E504F2F06940}.chnDebug|iPhone.Build.0 = chnDebug|Any CPU
		{F5C4B75C-7057-491F-BC0D-E504F2F06940}.chnDebug|iPhoneSimulator.ActiveCfg = chnDebug|Any CPU
		{F5C4B75C-7057-491F-BC0D-E504F2F06940}.chnDebug|iPhoneSimulator.Build.0 = chnDebug|Any CPU
		{F5C4B75C-7057-491F-BC0D-E504F2F06940}.chnDebug|x64.ActiveCfg = chnDebug|Any CPU
		{F5C4B75C-7057-491F-BC0D-E504F2F06940}.chnDebug|x64.Build.0 = chnDebug|Any CPU
		{F5C4B75C-7057-491F-BC0D-E504F2F06940}.chnDebug|x86.ActiveCfg = chnDebug|Any CPU
		{F5C4B75C-7057-491F-BC0D-E504F2F06940}.chnDebug|x86.Build.0 = chnDebug|Any CPU
		{F5C4B75C-7057-491F-BC0D-E504F2F06940}.Debug|Any CPU.ActiveCfg = Debug|Any CPU
		{F5C4B75C-7057-491F-BC0D-E504F2F06940}.Debug|Any CPU.Build.0 = Debug|Any CPU
		{F5C4B75C-7057-491F-BC0D-E504F2F06940}.Debug|ARM.ActiveCfg = Debug|Any CPU
		{F5C4B75C-7057-491F-BC0D-E504F2F06940}.Debug|ARM.Build.0 = Debug|Any CPU
		{F5C4B75C-7057-491F-BC0D-E504F2F06940}.Debug|iPhone.ActiveCfg = Debug|Any CPU
		{F5C4B75C-7057-491F-BC0D-E504F2F06940}.Debug|iPhone.Build.0 = Debug|Any CPU
		{F5C4B75C-7057-491F-BC0D-E504F2F06940}.Debug|iPhoneSimulator.ActiveCfg = Debug|Any CPU
		{F5C4B75C-7057-491F-BC0D-E504F2F06940}.Debug|iPhoneSimulator.Build.0 = Debug|Any CPU
		{F5C4B75C-7057-491F-BC0D-E504F2F06940}.Debug|x64.ActiveCfg = Debug|Any CPU
		{F5C4B75C-7057-491F-BC0D-E504F2F06940}.Debug|x64.Build.0 = Debug|Any CPU
		{F5C4B75C-7057-491F-BC0D-E504F2F06940}.Debug|x86.ActiveCfg = Debug|Any CPU
		{F5C4B75C-7057-491F-BC0D-E504F2F06940}.Debug|x86.Build.0 = Debug|Any CPU
		{F5C4B75C-7057-491F-BC0D-E504F2F06940}.Release|Any CPU.ActiveCfg = Release|Any CPU
		{F5C4B75C-7057-491F-BC0D-E504F2F06940}.Release|Any CPU.Build.0 = Release|Any CPU
		{F5C4B75C-7057-491F-BC0D-E504F2F06940}.Release|ARM.ActiveCfg = Release|Any CPU
		{F5C4B75C-7057-491F-BC0D-E504F2F06940}.Release|ARM.Build.0 = Release|Any CPU
		{F5C4B75C-7057-491F-BC0D-E504F2F06940}.Release|iPhone.ActiveCfg = Release|Any CPU
		{F5C4B75C-7057-491F-BC0D-E504F2F06940}.Release|iPhone.Build.0 = Release|Any CPU
		{F5C4B75C-7057-491F-BC0D-E504F2F06940}.Release|iPhoneSimulator.ActiveCfg = Release|Any CPU
		{F5C4B75C-7057-491F-BC0D-E504F2F06940}.Release|iPhoneSimulator.Build.0 = Release|Any CPU
		{F5C4B75C-7057-491F-BC0D-E504F2F06940}.Release|x64.ActiveCfg = Release|Any CPU
		{F5C4B75C-7057-491F-BC0D-E504F2F06940}.Release|x64.Build.0 = Release|Any CPU
		{F5C4B75C-7057-491F-BC0D-E504F2F06940}.Release|x86.ActiveCfg = Release|Any CPU
		{F5C4B75C-7057-491F-BC0D-E504F2F06940}.Release|x86.Build.0 = Release|Any CPU
		{906B88D4-90AE-428F-B61E-47D0EBD88422}.Ad-Hoc|Any CPU.ActiveCfg = Release|Any CPU
		{906B88D4-90AE-428F-B61E-47D0EBD88422}.Ad-Hoc|Any CPU.Build.0 = Release|Any CPU
		{906B88D4-90AE-428F-B61E-47D0EBD88422}.Ad-Hoc|Any CPU.Deploy.0 = Release|Any CPU
		{906B88D4-90AE-428F-B61E-47D0EBD88422}.Ad-Hoc|ARM.ActiveCfg = Release|Any CPU
		{906B88D4-90AE-428F-B61E-47D0EBD88422}.Ad-Hoc|ARM.Build.0 = Release|Any CPU
		{906B88D4-90AE-428F-B61E-47D0EBD88422}.Ad-Hoc|ARM.Deploy.0 = Release|Any CPU
		{906B88D4-90AE-428F-B61E-47D0EBD88422}.Ad-Hoc|iPhone.ActiveCfg = Release|Any CPU
		{906B88D4-90AE-428F-B61E-47D0EBD88422}.Ad-Hoc|iPhone.Build.0 = Release|Any CPU
		{906B88D4-90AE-428F-B61E-47D0EBD88422}.Ad-Hoc|iPhone.Deploy.0 = Release|Any CPU
		{906B88D4-90AE-428F-B61E-47D0EBD88422}.Ad-Hoc|iPhoneSimulator.ActiveCfg = Release|Any CPU
		{906B88D4-90AE-428F-B61E-47D0EBD88422}.Ad-Hoc|iPhoneSimulator.Build.0 = Release|Any CPU
		{906B88D4-90AE-428F-B61E-47D0EBD88422}.Ad-Hoc|iPhoneSimulator.Deploy.0 = Release|Any CPU
		{906B88D4-90AE-428F-B61E-47D0EBD88422}.Ad-Hoc|x64.ActiveCfg = Release|Any CPU
		{906B88D4-90AE-428F-B61E-47D0EBD88422}.Ad-Hoc|x64.Build.0 = Release|Any CPU
		{906B88D4-90AE-428F-B61E-47D0EBD88422}.Ad-Hoc|x64.Deploy.0 = Release|Any CPU
		{906B88D4-90AE-428F-B61E-47D0EBD88422}.Ad-Hoc|x86.ActiveCfg = Release|Any CPU
		{906B88D4-90AE-428F-B61E-47D0EBD88422}.Ad-Hoc|x86.Build.0 = Release|Any CPU
		{906B88D4-90AE-428F-B61E-47D0EBD88422}.Ad-Hoc|x86.Deploy.0 = Release|Any CPU
		{906B88D4-90AE-428F-B61E-47D0EBD88422}.AppStore|Any CPU.ActiveCfg = Release|Any CPU
		{906B88D4-90AE-428F-B61E-47D0EBD88422}.AppStore|Any CPU.Build.0 = Release|Any CPU
		{906B88D4-90AE-428F-B61E-47D0EBD88422}.AppStore|Any CPU.Deploy.0 = Release|Any CPU
		{906B88D4-90AE-428F-B61E-47D0EBD88422}.AppStore|ARM.ActiveCfg = Release|Any CPU
		{906B88D4-90AE-428F-B61E-47D0EBD88422}.AppStore|ARM.Build.0 = Release|Any CPU
		{906B88D4-90AE-428F-B61E-47D0EBD88422}.AppStore|ARM.Deploy.0 = Release|Any CPU
		{906B88D4-90AE-428F-B61E-47D0EBD88422}.AppStore|iPhone.ActiveCfg = Release|Any CPU
		{906B88D4-90AE-428F-B61E-47D0EBD88422}.AppStore|iPhone.Build.0 = Release|Any CPU
		{906B88D4-90AE-428F-B61E-47D0EBD88422}.AppStore|iPhone.Deploy.0 = Release|Any CPU
		{906B88D4-90AE-428F-B61E-47D0EBD88422}.AppStore|iPhoneSimulator.ActiveCfg = Release|Any CPU
		{906B88D4-90AE-428F-B61E-47D0EBD88422}.AppStore|iPhoneSimulator.Build.0 = Release|Any CPU
		{906B88D4-90AE-428F-B61E-47D0EBD88422}.AppStore|iPhoneSimulator.Deploy.0 = Release|Any CPU
		{906B88D4-90AE-428F-B61E-47D0EBD88422}.AppStore|x64.ActiveCfg = Release|Any CPU
		{906B88D4-90AE-428F-B61E-47D0EBD88422}.AppStore|x64.Build.0 = Release|Any CPU
		{906B88D4-90AE-428F-B61E-47D0EBD88422}.AppStore|x64.Deploy.0 = Release|Any CPU
		{906B88D4-90AE-428F-B61E-47D0EBD88422}.AppStore|x86.ActiveCfg = Release|Any CPU
		{906B88D4-90AE-428F-B61E-47D0EBD88422}.AppStore|x86.Build.0 = Release|Any CPU
		{906B88D4-90AE-428F-B61E-47D0EBD88422}.AppStore|x86.Deploy.0 = Release|Any CPU
		{906B88D4-90AE-428F-B61E-47D0EBD88422}.chnDebug|Any CPU.ActiveCfg = chnDebug|Any CPU
		{906B88D4-90AE-428F-B61E-47D0EBD88422}.chnDebug|Any CPU.Build.0 = chnDebug|Any CPU
		{906B88D4-90AE-428F-B61E-47D0EBD88422}.chnDebug|Any CPU.Deploy.0 = chnDebug|Any CPU
		{906B88D4-90AE-428F-B61E-47D0EBD88422}.chnDebug|ARM.ActiveCfg = chnDebug|Any CPU
		{906B88D4-90AE-428F-B61E-47D0EBD88422}.chnDebug|ARM.Build.0 = chnDebug|Any CPU
		{906B88D4-90AE-428F-B61E-47D0EBD88422}.chnDebug|ARM.Deploy.0 = chnDebug|Any CPU
		{906B88D4-90AE-428F-B61E-47D0EBD88422}.chnDebug|iPhone.ActiveCfg = chnDebug|Any CPU
		{906B88D4-90AE-428F-B61E-47D0EBD88422}.chnDebug|iPhone.Build.0 = chnDebug|Any CPU
		{906B88D4-90AE-428F-B61E-47D0EBD88422}.chnDebug|iPhone.Deploy.0 = chnDebug|Any CPU
		{906B88D4-90AE-428F-B61E-47D0EBD88422}.chnDebug|iPhoneSimulator.ActiveCfg = chnDebug|Any CPU
		{906B88D4-90AE-428F-B61E-47D0EBD88422}.chnDebug|iPhoneSimulator.Build.0 = chnDebug|Any CPU
		{906B88D4-90AE-428F-B61E-47D0EBD88422}.chnDebug|iPhoneSimulator.Deploy.0 = chnDebug|Any CPU
		{906B88D4-90AE-428F-B61E-47D0EBD88422}.chnDebug|x64.ActiveCfg = chnDebug|Any CPU
		{906B88D4-90AE-428F-B61E-47D0EBD88422}.chnDebug|x64.Build.0 = chnDebug|Any CPU
		{906B88D4-90AE-428F-B61E-47D0EBD88422}.chnDebug|x64.Deploy.0 = chnDebug|Any CPU
		{906B88D4-90AE-428F-B61E-47D0EBD88422}.chnDebug|x86.ActiveCfg = chnDebug|Any CPU
		{906B88D4-90AE-428F-B61E-47D0EBD88422}.chnDebug|x86.Build.0 = chnDebug|Any CPU
		{906B88D4-90AE-428F-B61E-47D0EBD88422}.chnDebug|x86.Deploy.0 = chnDebug|Any CPU
		{906B88D4-90AE-428F-B61E-47D0EBD88422}.Debug|Any CPU.ActiveCfg = Debug|Any CPU
		{906B88D4-90AE-428F-B61E-47D0EBD88422}.Debug|Any CPU.Build.0 = Debug|Any CPU
		{906B88D4-90AE-428F-B61E-47D0EBD88422}.Debug|Any CPU.Deploy.0 = Debug|Any CPU
		{906B88D4-90AE-428F-B61E-47D0EBD88422}.Debug|ARM.ActiveCfg = Debug|Any CPU
		{906B88D4-90AE-428F-B61E-47D0EBD88422}.Debug|ARM.Build.0 = Debug|Any CPU
		{906B88D4-90AE-428F-B61E-47D0EBD88422}.Debug|ARM.Deploy.0 = Debug|Any CPU
		{906B88D4-90AE-428F-B61E-47D0EBD88422}.Debug|iPhone.ActiveCfg = Debug|Any CPU
		{906B88D4-90AE-428F-B61E-47D0EBD88422}.Debug|iPhone.Build.0 = Debug|Any CPU
		{906B88D4-90AE-428F-B61E-47D0EBD88422}.Debug|iPhone.Deploy.0 = Debug|Any CPU
		{906B88D4-90AE-428F-B61E-47D0EBD88422}.Debug|iPhoneSimulator.ActiveCfg = Debug|Any CPU
		{906B88D4-90AE-428F-B61E-47D0EBD88422}.Debug|iPhoneSimulator.Build.0 = Debug|Any CPU
		{906B88D4-90AE-428F-B61E-47D0EBD88422}.Debug|iPhoneSimulator.Deploy.0 = Debug|Any CPU
		{906B88D4-90AE-428F-B61E-47D0EBD88422}.Debug|x64.ActiveCfg = Debug|Any CPU
		{906B88D4-90AE-428F-B61E-47D0EBD88422}.Debug|x64.Build.0 = Debug|Any CPU
		{906B88D4-90AE-428F-B61E-47D0EBD88422}.Debug|x64.Deploy.0 = Debug|Any CPU
		{906B88D4-90AE-428F-B61E-47D0EBD88422}.Debug|x86.ActiveCfg = Debug|Any CPU
		{906B88D4-90AE-428F-B61E-47D0EBD88422}.Debug|x86.Build.0 = Debug|Any CPU
		{906B88D4-90AE-428F-B61E-47D0EBD88422}.Debug|x86.Deploy.0 = Debug|Any CPU
		{906B88D4-90AE-428F-B61E-47D0EBD88422}.Release|Any CPU.ActiveCfg = Release|Any CPU
		{906B88D4-90AE-428F-B61E-47D0EBD88422}.Release|Any CPU.Build.0 = Release|Any CPU
		{906B88D4-90AE-428F-B61E-47D0EBD88422}.Release|Any CPU.Deploy.0 = Release|Any CPU
		{906B88D4-90AE-428F-B61E-47D0EBD88422}.Release|ARM.ActiveCfg = Release|Any CPU
		{906B88D4-90AE-428F-B61E-47D0EBD88422}.Release|ARM.Build.0 = Release|Any CPU
		{906B88D4-90AE-428F-B61E-47D0EBD88422}.Release|ARM.Deploy.0 = Release|Any CPU
		{906B88D4-90AE-428F-B61E-47D0EBD88422}.Release|iPhone.ActiveCfg = Release|Any CPU
		{906B88D4-90AE-428F-B61E-47D0EBD88422}.Release|iPhone.Build.0 = Release|Any CPU
		{906B88D4-90AE-428F-B61E-47D0EBD88422}.Release|iPhone.Deploy.0 = Release|Any CPU
		{906B88D4-90AE-428F-B61E-47D0EBD88422}.Release|iPhoneSimulator.ActiveCfg = Release|Any CPU
		{906B88D4-90AE-428F-B61E-47D0EBD88422}.Release|iPhoneSimulator.Build.0 = Release|Any CPU
		{906B88D4-90AE-428F-B61E-47D0EBD88422}.Release|iPhoneSimulator.Deploy.0 = Release|Any CPU
		{906B88D4-90AE-428F-B61E-47D0EBD88422}.Release|x64.ActiveCfg = Release|Any CPU
		{906B88D4-90AE-428F-B61E-47D0EBD88422}.Release|x64.Build.0 = Release|Any CPU
		{906B88D4-90AE-428F-B61E-47D0EBD88422}.Release|x64.Deploy.0 = Release|Any CPU
		{906B88D4-90AE-428F-B61E-47D0EBD88422}.Release|x86.ActiveCfg = Release|Any CPU
		{906B88D4-90AE-428F-B61E-47D0EBD88422}.Release|x86.Build.0 = Release|Any CPU
		{906B88D4-90AE-428F-B61E-47D0EBD88422}.Release|x86.Deploy.0 = Release|Any CPU
		{BF066086-1573-4100-92C6-336ECEBB12E6}.Ad-Hoc|Any CPU.ActiveCfg = Ad-Hoc|iPhone
		{BF066086-1573-4100-92C6-336ECEBB12E6}.Ad-Hoc|ARM.ActiveCfg = Ad-Hoc|iPhone
		{BF066086-1573-4100-92C6-336ECEBB12E6}.Ad-Hoc|iPhone.ActiveCfg = Ad-Hoc|iPhone
		{BF066086-1573-4100-92C6-336ECEBB12E6}.Ad-Hoc|iPhone.Build.0 = Ad-Hoc|iPhone
		{BF066086-1573-4100-92C6-336ECEBB12E6}.Ad-Hoc|iPhoneSimulator.ActiveCfg = Ad-Hoc|iPhoneSimulator
		{BF066086-1573-4100-92C6-336ECEBB12E6}.Ad-Hoc|iPhoneSimulator.Build.0 = Ad-Hoc|iPhoneSimulator
		{BF066086-1573-4100-92C6-336ECEBB12E6}.Ad-Hoc|x64.ActiveCfg = Ad-Hoc|iPhone
		{BF066086-1573-4100-92C6-336ECEBB12E6}.Ad-Hoc|x86.ActiveCfg = Ad-Hoc|iPhone
		{BF066086-1573-4100-92C6-336ECEBB12E6}.AppStore|Any CPU.ActiveCfg = AppStore|iPhone
		{BF066086-1573-4100-92C6-336ECEBB12E6}.AppStore|ARM.ActiveCfg = AppStore|iPhone
		{BF066086-1573-4100-92C6-336ECEBB12E6}.AppStore|iPhone.ActiveCfg = AppStore|iPhone
		{BF066086-1573-4100-92C6-336ECEBB12E6}.AppStore|iPhone.Build.0 = AppStore|iPhone
		{BF066086-1573-4100-92C6-336ECEBB12E6}.AppStore|iPhoneSimulator.ActiveCfg = AppStore|iPhoneSimulator
		{BF066086-1573-4100-92C6-336ECEBB12E6}.AppStore|iPhoneSimulator.Build.0 = AppStore|iPhoneSimulator
		{BF066086-1573-4100-92C6-336ECEBB12E6}.AppStore|x64.ActiveCfg = AppStore|iPhone
		{BF066086-1573-4100-92C6-336ECEBB12E6}.AppStore|x86.ActiveCfg = AppStore|iPhone
		{BF066086-1573-4100-92C6-336ECEBB12E6}.chnDebug|Any CPU.ActiveCfg = chnDebug|iPhone
		{BF066086-1573-4100-92C6-336ECEBB12E6}.chnDebug|ARM.ActiveCfg = chnDebug|iPhone
		{BF066086-1573-4100-92C6-336ECEBB12E6}.chnDebug|iPhone.ActiveCfg = chnDebug|iPhone
		{BF066086-1573-4100-92C6-336ECEBB12E6}.chnDebug|iPhoneSimulator.ActiveCfg = chnDebug|iPhoneSimulator
		{BF066086-1573-4100-92C6-336ECEBB12E6}.chnDebug|x64.ActiveCfg = chnDebug|iPhone
		{BF066086-1573-4100-92C6-336ECEBB12E6}.chnDebug|x86.ActiveCfg = chnDebug|iPhone
		{BF066086-1573-4100-92C6-336ECEBB12E6}.Debug|Any CPU.ActiveCfg = Debug|iPhone
		{BF066086-1573-4100-92C6-336ECEBB12E6}.Debug|ARM.ActiveCfg = Debug|iPhone
		{BF066086-1573-4100-92C6-336ECEBB12E6}.Debug|iPhone.ActiveCfg = Debug|iPhone
		{BF066086-1573-4100-92C6-336ECEBB12E6}.Debug|iPhone.Build.0 = Debug|iPhone
		{BF066086-1573-4100-92C6-336ECEBB12E6}.Debug|iPhoneSimulator.ActiveCfg = Debug|iPhoneSimulator
		{BF066086-1573-4100-92C6-336ECEBB12E6}.Debug|iPhoneSimulator.Build.0 = Debug|iPhoneSimulator
		{BF066086-1573-4100-92C6-336ECEBB12E6}.Debug|x64.ActiveCfg = Debug|iPhone
		{BF066086-1573-4100-92C6-336ECEBB12E6}.Debug|x86.ActiveCfg = Debug|iPhone
		{BF066086-1573-4100-92C6-336ECEBB12E6}.Release|Any CPU.ActiveCfg = Release|iPhone
		{BF066086-1573-4100-92C6-336ECEBB12E6}.Release|ARM.ActiveCfg = Release|iPhone
		{BF066086-1573-4100-92C6-336ECEBB12E6}.Release|iPhone.ActiveCfg = Release|iPhone
		{BF066086-1573-4100-92C6-336ECEBB12E6}.Release|iPhone.Build.0 = Release|iPhone
		{BF066086-1573-4100-92C6-336ECEBB12E6}.Release|iPhoneSimulator.ActiveCfg = Release|iPhoneSimulator
		{BF066086-1573-4100-92C6-336ECEBB12E6}.Release|iPhoneSimulator.Build.0 = Release|iPhoneSimulator
		{BF066086-1573-4100-92C6-336ECEBB12E6}.Release|x64.ActiveCfg = Release|iPhone
		{BF066086-1573-4100-92C6-336ECEBB12E6}.Release|x86.ActiveCfg = Release|iPhone
		{C5FEFDE2-16DE-4FD7-8BFA-4F1C1B0322F8}.Ad-Hoc|Any CPU.ActiveCfg = Release|x86
		{C5FEFDE2-16DE-4FD7-8BFA-4F1C1B0322F8}.Ad-Hoc|Any CPU.Build.0 = Release|x86
		{C5FEFDE2-16DE-4FD7-8BFA-4F1C1B0322F8}.Ad-Hoc|Any CPU.Deploy.0 = Release|x86
		{C5FEFDE2-16DE-4FD7-8BFA-4F1C1B0322F8}.Ad-Hoc|ARM.ActiveCfg = Release|ARM
		{C5FEFDE2-16DE-4FD7-8BFA-4F1C1B0322F8}.Ad-Hoc|ARM.Build.0 = Release|ARM
		{C5FEFDE2-16DE-4FD7-8BFA-4F1C1B0322F8}.Ad-Hoc|ARM.Deploy.0 = Release|ARM
		{C5FEFDE2-16DE-4FD7-8BFA-4F1C1B0322F8}.Ad-Hoc|iPhone.ActiveCfg = Release|x86
		{C5FEFDE2-16DE-4FD7-8BFA-4F1C1B0322F8}.Ad-Hoc|iPhone.Build.0 = Release|x86
		{C5FEFDE2-16DE-4FD7-8BFA-4F1C1B0322F8}.Ad-Hoc|iPhone.Deploy.0 = Release|x86
		{C5FEFDE2-16DE-4FD7-8BFA-4F1C1B0322F8}.Ad-Hoc|iPhoneSimulator.ActiveCfg = Release|x86
		{C5FEFDE2-16DE-4FD7-8BFA-4F1C1B0322F8}.Ad-Hoc|iPhoneSimulator.Build.0 = Release|x86
		{C5FEFDE2-16DE-4FD7-8BFA-4F1C1B0322F8}.Ad-Hoc|iPhoneSimulator.Deploy.0 = Release|x86
		{C5FEFDE2-16DE-4FD7-8BFA-4F1C1B0322F8}.Ad-Hoc|x64.ActiveCfg = Release|x64
		{C5FEFDE2-16DE-4FD7-8BFA-4F1C1B0322F8}.Ad-Hoc|x64.Build.0 = Release|x64
		{C5FEFDE2-16DE-4FD7-8BFA-4F1C1B0322F8}.Ad-Hoc|x64.Deploy.0 = Release|x64
		{C5FEFDE2-16DE-4FD7-8BFA-4F1C1B0322F8}.Ad-Hoc|x86.ActiveCfg = Release|x86
		{C5FEFDE2-16DE-4FD7-8BFA-4F1C1B0322F8}.Ad-Hoc|x86.Build.0 = Release|x86
		{C5FEFDE2-16DE-4FD7-8BFA-4F1C1B0322F8}.Ad-Hoc|x86.Deploy.0 = Release|x86
		{C5FEFDE2-16DE-4FD7-8BFA-4F1C1B0322F8}.AppStore|Any CPU.ActiveCfg = Release|x86
		{C5FEFDE2-16DE-4FD7-8BFA-4F1C1B0322F8}.AppStore|Any CPU.Build.0 = Release|x86
		{C5FEFDE2-16DE-4FD7-8BFA-4F1C1B0322F8}.AppStore|Any CPU.Deploy.0 = Release|x86
		{C5FEFDE2-16DE-4FD7-8BFA-4F1C1B0322F8}.AppStore|ARM.ActiveCfg = Release|ARM
		{C5FEFDE2-16DE-4FD7-8BFA-4F1C1B0322F8}.AppStore|ARM.Build.0 = Release|ARM
		{C5FEFDE2-16DE-4FD7-8BFA-4F1C1B0322F8}.AppStore|ARM.Deploy.0 = Release|ARM
		{C5FEFDE2-16DE-4FD7-8BFA-4F1C1B0322F8}.AppStore|iPhone.ActiveCfg = Release|x86
		{C5FEFDE2-16DE-4FD7-8BFA-4F1C1B0322F8}.AppStore|iPhone.Build.0 = Release|x86
		{C5FEFDE2-16DE-4FD7-8BFA-4F1C1B0322F8}.AppStore|iPhone.Deploy.0 = Release|x86
		{C5FEFDE2-16DE-4FD7-8BFA-4F1C1B0322F8}.AppStore|iPhoneSimulator.ActiveCfg = Release|x86
		{C5FEFDE2-16DE-4FD7-8BFA-4F1C1B0322F8}.AppStore|iPhoneSimulator.Build.0 = Release|x86
		{C5FEFDE2-16DE-4FD7-8BFA-4F1C1B0322F8}.AppStore|iPhoneSimulator.Deploy.0 = Release|x86
		{C5FEFDE2-16DE-4FD7-8BFA-4F1C1B0322F8}.AppStore|x64.ActiveCfg = Release|x64
		{C5FEFDE2-16DE-4FD7-8BFA-4F1C1B0322F8}.AppStore|x64.Build.0 = Release|x64
		{C5FEFDE2-16DE-4FD7-8BFA-4F1C1B0322F8}.AppStore|x64.Deploy.0 = Release|x64
		{C5FEFDE2-16DE-4FD7-8BFA-4F1C1B0322F8}.AppStore|x86.ActiveCfg = Release|x86
		{C5FEFDE2-16DE-4FD7-8BFA-4F1C1B0322F8}.AppStore|x86.Build.0 = Release|x86
		{C5FEFDE2-16DE-4FD7-8BFA-4F1C1B0322F8}.AppStore|x86.Deploy.0 = Release|x86
		{C5FEFDE2-16DE-4FD7-8BFA-4F1C1B0322F8}.chnDebug|Any CPU.ActiveCfg = chnDebug|x86
		{C5FEFDE2-16DE-4FD7-8BFA-4F1C1B0322F8}.chnDebug|Any CPU.Build.0 = chnDebug|x86
		{C5FEFDE2-16DE-4FD7-8BFA-4F1C1B0322F8}.chnDebug|Any CPU.Deploy.0 = chnDebug|x86
		{C5FEFDE2-16DE-4FD7-8BFA-4F1C1B0322F8}.chnDebug|ARM.ActiveCfg = chnDebug|ARM
		{C5FEFDE2-16DE-4FD7-8BFA-4F1C1B0322F8}.chnDebug|ARM.Deploy.0 = chnDebug|ARM
		{C5FEFDE2-16DE-4FD7-8BFA-4F1C1B0322F8}.chnDebug|iPhone.ActiveCfg = chnDebug|x86
		{C5FEFDE2-16DE-4FD7-8BFA-4F1C1B0322F8}.chnDebug|iPhoneSimulator.ActiveCfg = chnDebug|x86
		{C5FEFDE2-16DE-4FD7-8BFA-4F1C1B0322F8}.chnDebug|x64.ActiveCfg = chnDebug|x64
		{C5FEFDE2-16DE-4FD7-8BFA-4F1C1B0322F8}.chnDebug|x64.Deploy.0 = chnDebug|x64
		{C5FEFDE2-16DE-4FD7-8BFA-4F1C1B0322F8}.chnDebug|x86.ActiveCfg = chnDebug|x86
		{C5FEFDE2-16DE-4FD7-8BFA-4F1C1B0322F8}.chnDebug|x86.Deploy.0 = chnDebug|x86
		{C5FEFDE2-16DE-4FD7-8BFA-4F1C1B0322F8}.Debug|Any CPU.ActiveCfg = Debug|x86
		{C5FEFDE2-16DE-4FD7-8BFA-4F1C1B0322F8}.Debug|ARM.ActiveCfg = Debug|ARM
		{C5FEFDE2-16DE-4FD7-8BFA-4F1C1B0322F8}.Debug|ARM.Build.0 = Debug|ARM
		{C5FEFDE2-16DE-4FD7-8BFA-4F1C1B0322F8}.Debug|ARM.Deploy.0 = Debug|ARM
		{C5FEFDE2-16DE-4FD7-8BFA-4F1C1B0322F8}.Debug|iPhone.ActiveCfg = Debug|x86
		{C5FEFDE2-16DE-4FD7-8BFA-4F1C1B0322F8}.Debug|iPhoneSimulator.ActiveCfg = Debug|x86
		{C5FEFDE2-16DE-4FD7-8BFA-4F1C1B0322F8}.Debug|x64.ActiveCfg = Debug|x64
		{C5FEFDE2-16DE-4FD7-8BFA-4F1C1B0322F8}.Debug|x64.Build.0 = Debug|x64
		{C5FEFDE2-16DE-4FD7-8BFA-4F1C1B0322F8}.Debug|x64.Deploy.0 = Debug|x64
		{C5FEFDE2-16DE-4FD7-8BFA-4F1C1B0322F8}.Debug|x86.ActiveCfg = Debug|x86
		{C5FEFDE2-16DE-4FD7-8BFA-4F1C1B0322F8}.Debug|x86.Build.0 = Debug|x86
		{C5FEFDE2-16DE-4FD7-8BFA-4F1C1B0322F8}.Debug|x86.Deploy.0 = Debug|x86
		{C5FEFDE2-16DE-4FD7-8BFA-4F1C1B0322F8}.Release|Any CPU.ActiveCfg = Release|x86
		{C5FEFDE2-16DE-4FD7-8BFA-4F1C1B0322F8}.Release|ARM.ActiveCfg = Release|ARM
		{C5FEFDE2-16DE-4FD7-8BFA-4F1C1B0322F8}.Release|ARM.Build.0 = Release|ARM
		{C5FEFDE2-16DE-4FD7-8BFA-4F1C1B0322F8}.Release|ARM.Deploy.0 = Release|ARM
		{C5FEFDE2-16DE-4FD7-8BFA-4F1C1B0322F8}.Release|iPhone.ActiveCfg = Release|x86
		{C5FEFDE2-16DE-4FD7-8BFA-4F1C1B0322F8}.Release|iPhoneSimulator.ActiveCfg = Release|x86
		{C5FEFDE2-16DE-4FD7-8BFA-4F1C1B0322F8}.Release|x64.ActiveCfg = Release|x64
		{C5FEFDE2-16DE-4FD7-8BFA-4F1C1B0322F8}.Release|x64.Build.0 = Release|x64
		{C5FEFDE2-16DE-4FD7-8BFA-4F1C1B0322F8}.Release|x64.Deploy.0 = Release|x64
		{C5FEFDE2-16DE-4FD7-8BFA-4F1C1B0322F8}.Release|x86.ActiveCfg = Release|x86
		{C5FEFDE2-16DE-4FD7-8BFA-4F1C1B0322F8}.Release|x86.Build.0 = Release|x86
		{C5FEFDE2-16DE-4FD7-8BFA-4F1C1B0322F8}.Release|x86.Deploy.0 = Release|x86
	EndGlobalSection
	GlobalSection(SolutionProperties) = preSolution
		HideSolutionNode = FALSE
	EndGlobalSection
EndGlobal
